
Microsoft Visual Studio Solution File, Format Version 12.00
# Visual Studio Version 16
VisualStudioVersion = 16.0.30114.105
MinimumVisualStudioVersion = 10.0.40219.1
Project("{8BC9CEB8-8B4A-11D0-8D11-00A0C91BC942}") = "Laboratory Work №1", "Laboratory Work №1\Laboratory Work №1.vcxproj", "{49D71D2F-3C1F-4345-B599-792F604ED076}"
EndProject
Project("{8BC9CEB8-8B4A-11D0-8D11-00A0C91BC942}") = "Laboratory Work №2", "Laboratory Work №2\Laboratory Work №2.vcxproj", "{7D10BE8C-2E9E-4BDC-A602-7EF13DA156FB}"
EndProject
Project("{8BC9CEB8-8B4A-11D0-8D11-00A0C91BC942}") = "VK Api", "VK Api\VK Api.vcxproj", "{1BD5C36B-AC94-40AA-B267-395580B44DA0}"
EndProject
Global
	GlobalSection(SolutionConfigurationPlatforms) = preSolution
		Debug|x64 = Debug|x64
		Debug|x86 = Debug|x86
		Release|x64 = Release|x64
		Release|x86 = Release|x86
	EndGlobalSection
	GlobalSection(ProjectConfigurationPlatforms) = postSolution
		{49D71D2F-3C1F-4345-B599-792F604ED076}.Debug|x64.ActiveCfg = Debug|x64
		{49D71D2F-3C1F-4345-B599-792F604ED076}.Debug|x64.Build.0 = Debug|x64
		{49D71D2F-3C1F-4345-B599-792F604ED076}.Debug|x86.ActiveCfg = Debug|Win32
		{49D71D2F-3C1F-4345-B599-792F604ED076}.Debug|x86.Build.0 = Debug|Win32
		{49D71D2F-3C1F-4345-B599-792F604ED076}.Release|x64.ActiveCfg = Release|x64
		{49D71D2F-3C1F-4345-B599-792F604ED076}.Release|x64.Build.0 = Release|x64
		{49D71D2F-3C1F-4345-B599-792F604ED076}.Release|x86.ActiveCfg = Release|Win32
		{49D71D2F-3C1F-4345-B599-792F604ED076}.Release|x86.Build.0 = Release|Win32
		{7D10BE8C-2E9E-4BDC-A602-7EF13DA156FB}.Debug|x64.ActiveCfg = Debug|x64
		{7D10BE8C-2E9E-4BDC-A602-7EF13DA156FB}.Debug|x64.Build.0 = Debug|x64
		{7D10BE8C-2E9E-4BDC-A602-7EF13DA156FB}.Debug|x86.ActiveCfg = Debug|Win32
		{7D10BE8C-2E9E-4BDC-A602-7EF13DA156FB}.Debug|x86.Build.0 = Debug|Win32
		{7D10BE8C-2E9E-4BDC-A602-7EF13DA156FB}.Release|x64.ActiveCfg = Release|x64
		{7D10BE8C-2E9E-4BDC-A602-7EF13DA156FB}.Release|x64.Build.0 = Release|x64
		{7D10BE8C-2E9E-4BDC-A602-7EF13DA156FB}.Release|x86.ActiveCfg = Release|Win32
		{7D10BE8C-2E9E-4BDC-A602-7EF13DA156FB}.Release|x86.Build.0 = Release|Win32
		{1BD5C36B-AC94-40AA-B267-395580B44DA0}.Debug|x64.ActiveCfg = Debug|x64
		{1BD5C36B-AC94-40AA-B267-395580B44DA0}.Debug|x64.Build.0 = Debug|x64
		{1BD5C36B-AC94-40AA-B267-395580B44DA0}.Debug|x86.ActiveCfg = Debug|x64
		{1BD5C36B-AC94-40AA-B267-395580B44DA0}.Release|x64.ActiveCfg = Release|x64
		{1BD5C36B-AC94-40AA-B267-395580B44DA0}.Release|x64.Build.0 = Release|x64
		{1BD5C36B-AC94-40AA-B267-395580B44DA0}.Release|x86.ActiveCfg = Release|x64
	EndGlobalSection
	GlobalSection(SolutionProperties) = preSolution
		HideSolutionNode = FALSE
	EndGlobalSection
	GlobalSection(ExtensibilityGlobals) = postSolution
		SolutionGuid = {EB894797-A81F-4CEE-863A-1610D9BC650F}
	EndGlobalSection
EndGlobal
